
Microsoft Visual Studio Solution File, Format Version 12.00
# Visual Studio Version 17
VisualStudioVersion = 17.9.34622.214
MinimumVisualStudioVersion = 10.0.40219.1
Project("{9A19103F-16F7-4668-BE54-9A1E7A4F7556}") = "KidsFurniture", "KidsFurniture\KidsFurniture.csproj", "{83BDA70D-C945-4B18-A186-BEF8D31329EC}"
EndProject
Project("{9A19103F-16F7-4668-BE54-9A1E7A4F7556}") = "KidsFurniture.Infrastructure", "Kids.Furniture.Infrastructure\KidsFurniture.Infrastructure.csproj", "{500FA065-8666-4E90-8C81-9EB57D4B3144}"
EndProject
Project("{FAE04EC0-301F-11D3-BF4B-00C04F79EFBC}") = "KidsFurnitureApp.Core", "KidsFurnitureApp.Core\KidsFurnitureApp.Core.csproj", "{B9AA8536-0C14-45CF-BF9B-04BE974F106E}"
EndProject
Global
	GlobalSection(SolutionConfigurationPlatforms) = preSolution
		Debug|Any CPU = Debug|Any CPU
		Release|Any CPU = Release|Any CPU
	EndGlobalSection
	GlobalSection(ProjectConfigurationPlatforms) = postSolution
		{83BDA70D-C945-4B18-A186-BEF8D31329EC}.Debug|Any CPU.ActiveCfg = Debug|Any CPU
		{83BDA70D-C945-4B18-A186-BEF8D31329EC}.Debug|Any CPU.Build.0 = Debug|Any CPU
		{83BDA70D-C945-4B18-A186-BEF8D31329EC}.Release|Any CPU.ActiveCfg = Release|Any CPU
		{83BDA70D-C945-4B18-A186-BEF8D31329EC}.Release|Any CPU.Build.0 = Release|Any CPU
		{500FA065-8666-4E90-8C81-9EB57D4B3144}.Debug|Any CPU.ActiveCfg = Debug|Any CPU
		{500FA065-8666-4E90-8C81-9EB57D4B3144}.Debug|Any CPU.Build.0 = Debug|Any CPU
		{500FA065-8666-4E90-8C81-9EB57D4B3144}.Release|Any CPU.ActiveCfg = Release|Any CPU
		{500FA065-8666-4E90-8C81-9EB57D4B3144}.Release|Any CPU.Build.0 = Release|Any CPU
		{B9AA8536-0C14-45CF-BF9B-04BE974F106E}.Debug|Any CPU.ActiveCfg = Debug|Any CPU
		{B9AA8536-0C14-45CF-BF9B-04BE974F106E}.Debug|Any CPU.Build.0 = Debug|Any CPU
		{B9AA8536-0C14-45CF-BF9B-04BE974F106E}.Release|Any CPU.ActiveCfg = Release|Any CPU
		{B9AA8536-0C14-45CF-BF9B-04BE974F106E}.Release|Any CPU.Build.0 = Release|Any CPU
	EndGlobalSection
	GlobalSection(SolutionProperties) = preSolution
		HideSolutionNode = FALSE
	EndGlobalSection
	GlobalSection(ExtensibilityGlobals) = postSolution
		SolutionGuid = {FA5ED080-A669-410F-9945-FB9A6E15B35A}
	EndGlobalSection
EndGlobal
